
Microsoft Visual Studio Solution File, Format Version 12.00
# Visual Studio Version 16
VisualStudioVersion = 16.0.31911.196
MinimumVisualStudioVersion = 10.0.40219.1
Project("{FAE04EC0-301F-11D3-BF4B-00C04F79EFBC}") = "Lab16", "Lab16\Lab16.csproj", "{EA569357-D7F7-443B-9755-6815F10DE60D}"
EndProject
Global
	GlobalSection(SolutionConfigurationPlatforms) = preSolution
		Debug|Any CPU = Debug|Any CPU
		Release|Any CPU = Release|Any CPU
	EndGlobalSection
	GlobalSection(ProjectConfigurationPlatforms) = postSolution
		{EA569357-D7F7-443B-9755-6815F10DE60D}.Debug|Any CPU.ActiveCfg = Debug|Any CPU
		{EA569357-D7F7-443B-9755-6815F10DE60D}.Debug|Any CPU.Build.0 = Debug|Any CPU
		{EA569357-D7F7-443B-9755-6815F10DE60D}.Release|Any CPU.ActiveCfg = Release|Any CPU
		{EA569357-D7F7-443B-9755-6815F10DE60D}.Release|Any CPU.Build.0 = Release|Any CPU
	EndGlobalSection
	GlobalSection(SolutionProperties) = preSolution
		HideSolutionNode = FALSE
	EndGlobalSection
	GlobalSection(ExtensibilityGlobals) = postSolution
		SolutionGuid = {06354F04-2636-49D1-92F9-2D42F4143FBA}
	EndGlobalSection
EndGlobal
